
Microsoft Visual Studio Solution File, Format Version 12.00
# Visual Studio Version 16
VisualStudioVersion = 16.0.31321.278
MinimumVisualStudioVersion = 10.0.40219.1
Project("{FAE04EC0-301F-11D3-BF4B-00C04F79EFBC}") = "bb", "bb.csproj", "{0101F7BE-A842-4612-8205-D2D0EFC2E56C}"
EndProject
Global
	GlobalSection(SolutionConfigurationPlatforms) = preSolution
		Debug|Any CPU = Debug|Any CPU
		Release|Any CPU = Release|Any CPU
	EndGlobalSection
	GlobalSection(ProjectConfigurationPlatforms) = postSolution
		{0101F7BE-A842-4612-8205-D2D0EFC2E56C}.Debug|Any CPU.ActiveCfg = Debug|Any CPU
		{0101F7BE-A842-4612-8205-D2D0EFC2E56C}.Debug|Any CPU.Build.0 = Debug|Any CPU
		{0101F7BE-A842-4612-8205-D2D0EFC2E56C}.Release|Any CPU.ActiveCfg = Release|Any CPU
		{0101F7BE-A842-4612-8205-D2D0EFC2E56C}.Release|Any CPU.Build.0 = Release|Any CPU
	EndGlobalSection
	GlobalSection(SolutionProperties) = preSolution
		HideSolutionNode = FALSE
	EndGlobalSection
	GlobalSection(ExtensibilityGlobals) = postSolution
		SolutionGuid = {D5383DBB-3AB8-4512-B81E-CAD4764E2A2E}
	EndGlobalSection
EndGlobal
